
Microsoft Visual Studio Solution File, Format Version 12.00
# Visual Studio Version 16
VisualStudioVersion = 16.0.31410.357
MinimumVisualStudioVersion = 10.0.40219.1
Project("{2150E333-8FDC-42A3-9474-1A3956D46DE8}") = "services", "services", "{E1B29621-E3FA-42F0-A4AE-D39D245F5E85}"
EndProject
Project("{2150E333-8FDC-42A3-9474-1A3956D46DE8}") = "src", "src", "{B8362CE5-C3D1-4057-B219-4F740D59D25F}"
EndProject
Project("{2150E333-8FDC-42A3-9474-1A3956D46DE8}") = "tests", "tests", "{ACF17365-190E-4287-BAD7-7ABB392A374E}"
EndProject
Project("{2150E333-8FDC-42A3-9474-1A3956D46DE8}") = "Solution Items", "Solution Items", "{B39E422B-95EF-4DA2-82A0-3C19EA1D465A}"
	ProjectSection(SolutionItems) = preProject
		Dockerfile = Dockerfile
		Readme = Readme
		settings.ruleset = settings.ruleset
	EndProjectSection
EndProject
Project("{9A19103F-16F7-4668-BE54-9A1E7A4F7556}") = "RelatedProductsApi.Service", "services\RelatedProductsApi.Service\RelatedProductsApi.Service.csproj", "{799A1261-5BA8-45A9-BB46-19BCE5A00FF6}"
EndProject
Project("{9A19103F-16F7-4668-BE54-9A1E7A4F7556}") = "RelatedProductsApi", "src\RelatedProductsApi\RelatedProductsApi.csproj", "{E35C4E97-FEAF-483A-9584-F319723FE7B9}"
EndProject
Global
	GlobalSection(SolutionConfigurationPlatforms) = preSolution
		Debug|Any CPU = Debug|Any CPU
		Release|Any CPU = Release|Any CPU
	EndGlobalSection
	GlobalSection(ProjectConfigurationPlatforms) = postSolution
		{799A1261-5BA8-45A9-BB46-19BCE5A00FF6}.Debug|Any CPU.ActiveCfg = Debug|Any CPU
		{799A1261-5BA8-45A9-BB46-19BCE5A00FF6}.Debug|Any CPU.Build.0 = Debug|Any CPU
		{799A1261-5BA8-45A9-BB46-19BCE5A00FF6}.Release|Any CPU.ActiveCfg = Release|Any CPU
		{799A1261-5BA8-45A9-BB46-19BCE5A00FF6}.Release|Any CPU.Build.0 = Release|Any CPU
		{E35C4E97-FEAF-483A-9584-F319723FE7B9}.Debug|Any CPU.ActiveCfg = Debug|Any CPU
		{E35C4E97-FEAF-483A-9584-F319723FE7B9}.Debug|Any CPU.Build.0 = Debug|Any CPU
		{E35C4E97-FEAF-483A-9584-F319723FE7B9}.Release|Any CPU.ActiveCfg = Release|Any CPU
		{E35C4E97-FEAF-483A-9584-F319723FE7B9}.Release|Any CPU.Build.0 = Release|Any CPU
	EndGlobalSection
	GlobalSection(SolutionProperties) = preSolution
		HideSolutionNode = FALSE
	EndGlobalSection
	GlobalSection(NestedProjects) = preSolution
		{799A1261-5BA8-45A9-BB46-19BCE5A00FF6} = {E1B29621-E3FA-42F0-A4AE-D39D245F5E85}
		{E35C4E97-FEAF-483A-9584-F319723FE7B9} = {B8362CE5-C3D1-4057-B219-4F740D59D25F}
	EndGlobalSection
	GlobalSection(ExtensibilityGlobals) = postSolution
		SolutionGuid = {DB395C6C-0F0A-442E-AE8A-4B0344466272}
	EndGlobalSection
EndGlobal
